
Microsoft Visual Studio Solution File, Format Version 12.00
# Visual Studio Version 16
VisualStudioVersion = 16.0.31321.278
MinimumVisualStudioVersion = 10.0.40219.1
Project("{9A19103F-16F7-4668-BE54-9A1E7A4F7556}") = "BD", "BD\BD.csproj", "{0926456B-C7BE-4E7A-A6AC-48D1DE9E8C04}"
EndProject
Project("{9A19103F-16F7-4668-BE54-9A1E7A4F7556}") = "Entity", "Entity\Entity.csproj", "{19A4954F-980E-4778-B5CD-5D5D09EAFC4A}"
EndProject
Project("{9A19103F-16F7-4668-BE54-9A1E7A4F7556}") = "WBL", "WBL\WBL.csproj", "{024DD3E2-140D-4D95-A6D0-AB89D867581F}"
EndProject
Project("{00D1A9C2-B5F0-4AF3-8072-F6C62B433612}") = "BaseDeDatos", "BaseDeDatos\BaseDeDatos.sqlproj", "{7D8EE78A-D3D7-487E-A2D7-E5C4D1052D79}"
EndProject
Project("{9A19103F-16F7-4668-BE54-9A1E7A4F7556}") = "WebApp", "WebApp\WebApp.csproj", "{6FC2020D-26BC-41EF-8679-303D1118E7A4}"
EndProject
Global
	GlobalSection(SolutionConfigurationPlatforms) = preSolution
		Debug|Any CPU = Debug|Any CPU
		Release|Any CPU = Release|Any CPU
	EndGlobalSection
	GlobalSection(ProjectConfigurationPlatforms) = postSolution
		{0926456B-C7BE-4E7A-A6AC-48D1DE9E8C04}.Debug|Any CPU.ActiveCfg = Debug|Any CPU
		{0926456B-C7BE-4E7A-A6AC-48D1DE9E8C04}.Debug|Any CPU.Build.0 = Debug|Any CPU
		{0926456B-C7BE-4E7A-A6AC-48D1DE9E8C04}.Release|Any CPU.ActiveCfg = Release|Any CPU
		{0926456B-C7BE-4E7A-A6AC-48D1DE9E8C04}.Release|Any CPU.Build.0 = Release|Any CPU
		{19A4954F-980E-4778-B5CD-5D5D09EAFC4A}.Debug|Any CPU.ActiveCfg = Debug|Any CPU
		{19A4954F-980E-4778-B5CD-5D5D09EAFC4A}.Debug|Any CPU.Build.0 = Debug|Any CPU
		{19A4954F-980E-4778-B5CD-5D5D09EAFC4A}.Release|Any CPU.ActiveCfg = Release|Any CPU
		{19A4954F-980E-4778-B5CD-5D5D09EAFC4A}.Release|Any CPU.Build.0 = Release|Any CPU
		{024DD3E2-140D-4D95-A6D0-AB89D867581F}.Debug|Any CPU.ActiveCfg = Debug|Any CPU
		{024DD3E2-140D-4D95-A6D0-AB89D867581F}.Debug|Any CPU.Build.0 = Debug|Any CPU
		{024DD3E2-140D-4D95-A6D0-AB89D867581F}.Release|Any CPU.ActiveCfg = Release|Any CPU
		{024DD3E2-140D-4D95-A6D0-AB89D867581F}.Release|Any CPU.Build.0 = Release|Any CPU
		{7D8EE78A-D3D7-487E-A2D7-E5C4D1052D79}.Debug|Any CPU.ActiveCfg = Debug|Any CPU
		{7D8EE78A-D3D7-487E-A2D7-E5C4D1052D79}.Debug|Any CPU.Build.0 = Debug|Any CPU
		{7D8EE78A-D3D7-487E-A2D7-E5C4D1052D79}.Debug|Any CPU.Deploy.0 = Debug|Any CPU
		{7D8EE78A-D3D7-487E-A2D7-E5C4D1052D79}.Release|Any CPU.ActiveCfg = Release|Any CPU
		{7D8EE78A-D3D7-487E-A2D7-E5C4D1052D79}.Release|Any CPU.Build.0 = Release|Any CPU
		{7D8EE78A-D3D7-487E-A2D7-E5C4D1052D79}.Release|Any CPU.Deploy.0 = Release|Any CPU
		{6FC2020D-26BC-41EF-8679-303D1118E7A4}.Debug|Any CPU.ActiveCfg = Debug|Any CPU
		{6FC2020D-26BC-41EF-8679-303D1118E7A4}.Debug|Any CPU.Build.0 = Debug|Any CPU
		{6FC2020D-26BC-41EF-8679-303D1118E7A4}.Release|Any CPU.ActiveCfg = Release|Any CPU
		{6FC2020D-26BC-41EF-8679-303D1118E7A4}.Release|Any CPU.Build.0 = Release|Any CPU
	EndGlobalSection
	GlobalSection(SolutionProperties) = preSolution
		HideSolutionNode = FALSE
	EndGlobalSection
	GlobalSection(ExtensibilityGlobals) = postSolution
		SolutionGuid = {44C0CD94-B415-48C9-9BC5-6C1794D8A377}
	EndGlobalSection
EndGlobal
